// !$*UTF8*$!
{
	archiveVersion = 1;
	classes = {
	};
	objectVersion = 46;
	objects = {

/* Begin PBXBuildFile section */
		1250C0EB9F1D5D6CF22DCD19 /* Pods_Crash_DummiTests.framework in Frameworks */ = {isa = PBXBuildFile; fileRef = E6F8DACE0FB6DE9E619F7885 /* Pods_Crash_DummiTests.framework */; };
		8FA53E619A3CEDDF255DC5B2 /* Pods_Crash_Dummi.framework in Frameworks */ = {isa = PBXBuildFile; fileRef = 8CB4BB11834B58F277FC8D81 /* Pods_Crash_Dummi.framework */; };
		C79F3A491F119EC300C1DEB8 /* ViewControllerBike.swift in Sources */ = {isa = PBXBuildFile; fileRef = C79F3A481F119EC300C1DEB8 /* ViewControllerBike.swift */; };
		C79F3A4B1F119F0700C1DEB8 /* ViewControllerCar.swift in Sources */ = {isa = PBXBuildFile; fileRef = C79F3A4A1F119F0700C1DEB8 /* ViewControllerCar.swift */; };
		C79F3A4D1F11AF9D00C1DEB8 /* locationManager.swift in Sources */ = {isa = PBXBuildFile; fileRef = C79F3A4C1F11AF9D00C1DEB8 /* locationManager.swift */; };
		C7E2A9871F1185AB00B1CCD5 /* AppDelegate.swift in Sources */ = {isa = PBXBuildFile; fileRef = C7E2A9861F1185AB00B1CCD5 /* AppDelegate.swift */; };
		C7E2A9891F1185AB00B1CCD5 /* ViewController.swift in Sources */ = {isa = PBXBuildFile; fileRef = C7E2A9881F1185AB00B1CCD5 /* ViewController.swift */; };
		C7E2A98C1F1185AB00B1CCD5 /* Main.storyboard in Resources */ = {isa = PBXBuildFile; fileRef = C7E2A98A1F1185AB00B1CCD5 /* Main.storyboard */; };
		C7E2A98E1F1185AB00B1CCD5 /* Assets.xcassets in Resources */ = {isa = PBXBuildFile; fileRef = C7E2A98D1F1185AB00B1CCD5 /* Assets.xcassets */; };
		C7E2A9911F1185AB00B1CCD5 /* LaunchScreen.storyboard in Resources */ = {isa = PBXBuildFile; fileRef = C7E2A98F1F1185AB00B1CCD5 /* LaunchScreen.storyboard */; };
		C7E2A99C1F1185AB00B1CCD5 /* Crash_DummiTests.swift in Sources */ = {isa = PBXBuildFile; fileRef = C7E2A99B1F1185AB00B1CCD5 /* Crash_DummiTests.swift */; };
		C7E2A9A71F1185AB00B1CCD5 /* Crash_DummiUITests.swift in Sources */ = {isa = PBXBuildFile; fileRef = C7E2A9A61F1185AB00B1CCD5 /* Crash_DummiUITests.swift */; };
		C7E4E4651F17F11F0016BF8A /* GoogleService-Info.plist in Resources */ = {isa = PBXBuildFile; fileRef = C7E4E4641F17F11F0016BF8A /* GoogleService-Info.plist */; };
		D0F7DC879BE4FE0DEEC335F5 /* Pods_Crash_DummiUITests.framework in Frameworks */ = {isa = PBXBuildFile; fileRef = 840CE33591D940ACD283C397 /* Pods_Crash_DummiUITests.framework */; };
/* End PBXBuildFile section */

/* Begin PBXContainerItemProxy section */
		C7E2A9981F1185AB00B1CCD5 /* PBXContainerItemProxy */ = {
			isa = PBXContainerItemProxy;
			containerPortal = C7E2A97B1F1185AB00B1CCD5 /* Project object */;
			proxyType = 1;
			remoteGlobalIDString = C7E2A9821F1185AB00B1CCD5;
			remoteInfo = "Crash Dummi";
		};
		C7E2A9A31F1185AB00B1CCD5 /* PBXContainerItemProxy */ = {
			isa = PBXContainerItemProxy;
			containerPortal = C7E2A97B1F1185AB00B1CCD5 /* Project object */;
			proxyType = 1;
			remoteGlobalIDString = C7E2A9821F1185AB00B1CCD5;
			remoteInfo = "Crash Dummi";
		};
/* End PBXContainerItemProxy section */

/* Begin PBXFileReference section */
		15BFD949B240904B15558B0D /* Pods-Crash DummiUITests.release.xcconfig */ = {isa = PBXFileReference; includeInIndex = 1; lastKnownFileType = text.xcconfig; name = "Pods-Crash DummiUITests.release.xcconfig"; path = "Pods/Target Support Files/Pods-Crash DummiUITests/Pods-Crash DummiUITests.release.xcconfig"; sourceTree = "<group>"; };
		2A66215DC76815A11FC78784 /* Pods-Crash DummiUITests.debug.xcconfig */ = {isa = PBXFileReference; includeInIndex = 1; lastKnownFileType = text.xcconfig; name = "Pods-Crash DummiUITests.debug.xcconfig"; path = "Pods/Target Support Files/Pods-Crash DummiUITests/Pods-Crash DummiUITests.debug.xcconfig"; sourceTree = "<group>"; };
		480B7DD2B790F3938D878630 /* Pods-Crash DummiTests.debug.xcconfig */ = {isa = PBXFileReference; includeInIndex = 1; lastKnownFileType = text.xcconfig; name = "Pods-Crash DummiTests.debug.xcconfig"; path = "Pods/Target Support Files/Pods-Crash DummiTests/Pods-Crash DummiTests.debug.xcconfig"; sourceTree = "<group>"; };
		4ED3E0F31903213C5DED6539 /* Pods-Crash Dummi.debug.xcconfig */ = {isa = PBXFileReference; includeInIndex = 1; lastKnownFileType = text.xcconfig; name = "Pods-Crash Dummi.debug.xcconfig"; path = "Pods/Target Support Files/Pods-Crash Dummi/Pods-Crash Dummi.debug.xcconfig"; sourceTree = "<group>"; };
		565706F7C8D6417B438A03A4 /* Pods-Crash DummiTests.release.xcconfig */ = {isa = PBXFileReference; includeInIndex = 1; lastKnownFileType = text.xcconfig; name = "Pods-Crash DummiTests.release.xcconfig"; path = "Pods/Target Support Files/Pods-Crash DummiTests/Pods-Crash DummiTests.release.xcconfig"; sourceTree = "<group>"; };
		840CE33591D940ACD283C397 /* Pods_Crash_DummiUITests.framework */ = {isa = PBXFileReference; explicitFileType = wrapper.framework; includeInIndex = 0; path = Pods_Crash_DummiUITests.framework; sourceTree = BUILT_PRODUCTS_DIR; };
		8CB4BB11834B58F277FC8D81 /* Pods_Crash_Dummi.framework */ = {isa = PBXFileReference; explicitFileType = wrapper.framework; includeInIndex = 0; path = Pods_Crash_Dummi.framework; sourceTree = BUILT_PRODUCTS_DIR; };
		C0C9E2963D144EDD3374954E /* Pods-Crash Dummi.release.xcconfig */ = {isa = PBXFileReference; includeInIndex = 1; lastKnownFileType = text.xcconfig; name = "Pods-Crash Dummi.release.xcconfig"; path = "Pods/Target Support Files/Pods-Crash Dummi/Pods-Crash Dummi.release.xcconfig"; sourceTree = "<group>"; };
		C79F3A481F119EC300C1DEB8 /* ViewControllerBike.swift */ = {isa = PBXFileReference; fileEncoding = 4; lastKnownFileType = sourcecode.swift; path = ViewControllerBike.swift; sourceTree = "<group>"; };
		C79F3A4A1F119F0700C1DEB8 /* ViewControllerCar.swift */ = {isa = PBXFileReference; fileEncoding = 4; lastKnownFileType = sourcecode.swift; path = ViewControllerCar.swift; sourceTree = "<group>"; };
		C79F3A4C1F11AF9D00C1DEB8 /* locationManager.swift */ = {isa = PBXFileReference; fileEncoding = 4; lastKnownFileType = sourcecode.swift; path = locationManager.swift; sourceTree = "<group>"; };
		C7E2A9831F1185AB00B1CCD5 /* Crash Dummi.app */ = {isa = PBXFileReference; explicitFileType = wrapper.application; includeInIndex = 0; path = "Crash Dummi.app"; sourceTree = BUILT_PRODUCTS_DIR; };
		C7E2A9861F1185AB00B1CCD5 /* AppDelegate.swift */ = {isa = PBXFileReference; lastKnownFileType = sourcecode.swift; path = AppDelegate.swift; sourceTree = "<group>"; };
		C7E2A9881F1185AB00B1CCD5 /* ViewController.swift */ = {isa = PBXFileReference; lastKnownFileType = sourcecode.swift; path = ViewController.swift; sourceTree = "<group>"; };
		C7E2A98B1F1185AB00B1CCD5 /* Base */ = {isa = PBXFileReference; lastKnownFileType = file.storyboard; name = Base; path = Base.lproj/Main.storyboard; sourceTree = "<group>"; };
		C7E2A98D1F1185AB00B1CCD5 /* Assets.xcassets */ = {isa = PBXFileReference; lastKnownFileType = folder.assetcatalog; path = Assets.xcassets; sourceTree = "<group>"; };
		C7E2A9901F1185AB00B1CCD5 /* Base */ = {isa = PBXFileReference; lastKnownFileType = file.storyboard; name = Base; path = Base.lproj/LaunchScreen.storyboard; sourceTree = "<group>"; };
		C7E2A9921F1185AB00B1CCD5 /* Info.plist */ = {isa = PBXFileReference; lastKnownFileType = text.plist.xml; path = Info.plist; sourceTree = "<group>"; };
		C7E2A9971F1185AB00B1CCD5 /* Crash DummiTests.xctest */ = {isa = PBXFileReference; explicitFileType = wrapper.cfbundle; includeInIndex = 0; path = "Crash DummiTests.xctest"; sourceTree = BUILT_PRODUCTS_DIR; };
		C7E2A99B1F1185AB00B1CCD5 /* Crash_DummiTests.swift */ = {isa = PBXFileReference; lastKnownFileType = sourcecode.swift; path = Crash_DummiTests.swift; sourceTree = "<group>"; };
		C7E2A99D1F1185AB00B1CCD5 /* Info.plist */ = {isa = PBXFileReference; lastKnownFileType = text.plist.xml; path = Info.plist; sourceTree = "<group>"; };
		C7E2A9A21F1185AB00B1CCD5 /* Crash DummiUITests.xctest */ = {isa = PBXFileReference; explicitFileType = wrapper.cfbundle; includeInIndex = 0; path = "Crash DummiUITests.xctest"; sourceTree = BUILT_PRODUCTS_DIR; };
		C7E2A9A61F1185AB00B1CCD5 /* Crash_DummiUITests.swift */ = {isa = PBXFileReference; lastKnownFileType = sourcecode.swift; path = Crash_DummiUITests.swift; sourceTree = "<group>"; };
		C7E2A9A81F1185AB00B1CCD5 /* Info.plist */ = {isa = PBXFileReference; lastKnownFileType = text.plist.xml; path = Info.plist; sourceTree = "<group>"; };
		C7E4E4641F17F11F0016BF8A /* GoogleService-Info.plist */ = {isa = PBXFileReference; fileEncoding = 4; lastKnownFileType = text.plist.xml; path = "GoogleService-Info.plist"; sourceTree = "<group>"; };
		E6F8DACE0FB6DE9E619F7885 /* Pods_Crash_DummiTests.framework */ = {isa = PBXFileReference; explicitFileType = wrapper.framework; includeInIndex = 0; path = Pods_Crash_DummiTests.framework; sourceTree = BUILT_PRODUCTS_DIR; };
/* End PBXFileReference section */

/* Begin PBXFrameworksBuildPhase section */
		C7E2A9801F1185AB00B1CCD5 /* Frameworks */ = {
			isa = PBXFrameworksBuildPhase;
			buildActionMask = 2147483647;
			files = (
				8FA53E619A3CEDDF255DC5B2 /* Pods_Crash_Dummi.framework in Frameworks */,
			);
			runOnlyForDeploymentPostprocessing = 0;
		};
		C7E2A9941F1185AB00B1CCD5 /* Frameworks */ = {
			isa = PBXFrameworksBuildPhase;
			buildActionMask = 2147483647;
			files = (
				1250C0EB9F1D5D6CF22DCD19 /* Pods_Crash_DummiTests.framework in Frameworks */,
			);
			runOnlyForDeploymentPostprocessing = 0;
		};
		C7E2A99F1F1185AB00B1CCD5 /* Frameworks */ = {
			isa = PBXFrameworksBuildPhase;
			buildActionMask = 2147483647;
			files = (
				D0F7DC879BE4FE0DEEC335F5 /* Pods_Crash_DummiUITests.framework in Frameworks */,
			);
			runOnlyForDeploymentPostprocessing = 0;
		};
/* End PBXFrameworksBuildPhase section */

/* Begin PBXGroup section */
		1E029965788F0022E85C415E /* Frameworks */ = {
			isa = PBXGroup;
			children = (
				8CB4BB11834B58F277FC8D81 /* Pods_Crash_Dummi.framework */,
				E6F8DACE0FB6DE9E619F7885 /* Pods_Crash_DummiTests.framework */,
				840CE33591D940ACD283C397 /* Pods_Crash_DummiUITests.framework */,
			);
			name = Frameworks;
			sourceTree = "<group>";
		};
		731F5641F100516DC9F9963D /* Pods */ = {
			isa = PBXGroup;
			children = (
				4ED3E0F31903213C5DED6539 /* Pods-Crash Dummi.debug.xcconfig */,
				C0C9E2963D144EDD3374954E /* Pods-Crash Dummi.release.xcconfig */,
				480B7DD2B790F3938D878630 /* Pods-Crash DummiTests.debug.xcconfig */,
				565706F7C8D6417B438A03A4 /* Pods-Crash DummiTests.release.xcconfig */,
				2A66215DC76815A11FC78784 /* Pods-Crash DummiUITests.debug.xcconfig */,
				15BFD949B240904B15558B0D /* Pods-Crash DummiUITests.release.xcconfig */,
			);
			name = Pods;
			sourceTree = "<group>";
		};
		C7E2A97A1F1185AB00B1CCD5 = {
			isa = PBXGroup;
			children = (
				C7E2A9851F1185AB00B1CCD5 /* Crash Dummi */,
				C7E2A99A1F1185AB00B1CCD5 /* Crash DummiTests */,
				C7E2A9A51F1185AB00B1CCD5 /* Crash DummiUITests */,
				C7E2A9841F1185AB00B1CCD5 /* Products */,
				731F5641F100516DC9F9963D /* Pods */,
				1E029965788F0022E85C415E /* Frameworks */,
			);
			sourceTree = "<group>";
		};
		C7E2A9841F1185AB00B1CCD5 /* Products */ = {
			isa = PBXGroup;
			children = (
				C7E2A9831F1185AB00B1CCD5 /* Crash Dummi.app */,
				C7E2A9971F1185AB00B1CCD5 /* Crash DummiTests.xctest */,
				C7E2A9A21F1185AB00B1CCD5 /* Crash DummiUITests.xctest */,
			);
			name = Products;
			sourceTree = "<group>";
		};
		C7E2A9851F1185AB00B1CCD5 /* Crash Dummi */ = {
			isa = PBXGroup;
			children = (
				C7E4E4641F17F11F0016BF8A /* GoogleService-Info.plist */,
				C7E2A9861F1185AB00B1CCD5 /* AppDelegate.swift */,
				C7E2A9881F1185AB00B1CCD5 /* ViewController.swift */,
				C79F3A481F119EC300C1DEB8 /* ViewControllerBike.swift */,
				C79F3A4A1F119F0700C1DEB8 /* ViewControllerCar.swift */,
				C7E2A98A1F1185AB00B1CCD5 /* Main.storyboard */,
				C7E2A98D1F1185AB00B1CCD5 /* Assets.xcassets */,
				C7E2A98F1F1185AB00B1CCD5 /* LaunchScreen.storyboard */,
				C7E2A9921F1185AB00B1CCD5 /* Info.plist */,
				C79F3A4C1F11AF9D00C1DEB8 /* locationManager.swift */,
			);
			path = "Crash Dummi";
			sourceTree = "<group>";
		};
		C7E2A99A1F1185AB00B1CCD5 /* Crash DummiTests */ = {
			isa = PBXGroup;
			children = (
				C7E2A99B1F1185AB00B1CCD5 /* Crash_DummiTests.swift */,
				C7E2A99D1F1185AB00B1CCD5 /* Info.plist */,
			);
			path = "Crash DummiTests";
			sourceTree = "<group>";
		};
		C7E2A9A51F1185AB00B1CCD5 /* Crash DummiUITests */ = {
			isa = PBXGroup;
			children = (
				C7E2A9A61F1185AB00B1CCD5 /* Crash_DummiUITests.swift */,
				C7E2A9A81F1185AB00B1CCD5 /* Info.plist */,
			);
			path = "Crash DummiUITests";
			sourceTree = "<group>";
		};
/* End PBXGroup section */

/* Begin PBXNativeTarget section */
		C7E2A9821F1185AB00B1CCD5 /* Crash Dummi */ = {
			isa = PBXNativeTarget;
			buildConfigurationList = C7E2A9AB1F1185AB00B1CCD5 /* Build configuration list for PBXNativeTarget "Crash Dummi" */;
			buildPhases = (
				ACCBF7FD6F03432C77B8569C /* [CP] Check Pods Manifest.lock */,
				C7E2A97F1F1185AB00B1CCD5 /* Sources */,
				C7E2A9801F1185AB00B1CCD5 /* Frameworks */,
				C7E2A9811F1185AB00B1CCD5 /* Resources */,
				061B25C0987EB61F99E00F5F /* [CP] Embed Pods Frameworks */,
				F51D0BA05D3969658B7938AC /* [CP] Copy Pods Resources */,
			);
			buildRules = (
			);
			dependencies = (
			);
			name = "Crash Dummi";
			productName = "Crash Dummi";
			productReference = C7E2A9831F1185AB00B1CCD5 /* Crash Dummi.app */;
			productType = "com.apple.product-type.application";
		};
		C7E2A9961F1185AB00B1CCD5 /* Crash DummiTests */ = {
			isa = PBXNativeTarget;
			buildConfigurationList = C7E2A9AE1F1185AB00B1CCD5 /* Build configuration list for PBXNativeTarget "Crash DummiTests" */;
			buildPhases = (
				D1BE0EB8B36676FA3EC9FC77 /* [CP] Check Pods Manifest.lock */,
				C7E2A9931F1185AB00B1CCD5 /* Sources */,
				C7E2A9941F1185AB00B1CCD5 /* Frameworks */,
				C7E2A9951F1185AB00B1CCD5 /* Resources */,
				097BB0C5C8EAB2DD776AEDED /* [CP] Embed Pods Frameworks */,
				C90488BA5E76BB7B09E6CC49 /* [CP] Copy Pods Resources */,
			);
			buildRules = (
			);
			dependencies = (
				C7E2A9991F1185AB00B1CCD5 /* PBXTargetDependency */,
			);
			name = "Crash DummiTests";
			productName = "Crash DummiTests";
			productReference = C7E2A9971F1185AB00B1CCD5 /* Crash DummiTests.xctest */;
			productType = "com.apple.product-type.bundle.unit-test";
		};
		C7E2A9A11F1185AB00B1CCD5 /* Crash DummiUITests */ = {
			isa = PBXNativeTarget;
			buildConfigurationList = C7E2A9B11F1185AB00B1CCD5 /* Build configuration list for PBXNativeTarget "Crash DummiUITests" */;
			buildPhases = (
				07E2AE66E3698D8A6B34FB0C /* [CP] Check Pods Manifest.lock */,
				C7E2A99E1F1185AB00B1CCD5 /* Sources */,
				C7E2A99F1F1185AB00B1CCD5 /* Frameworks */,
				C7E2A9A01F1185AB00B1CCD5 /* Resources */,
				95D2A0FE094D9F7B8813B168 /* [CP] Embed Pods Frameworks */,
				9C9ABF445E1F748962DBA8C4 /* [CP] Copy Pods Resources */,
			);
			buildRules = (
			);
			dependencies = (
				C7E2A9A41F1185AB00B1CCD5 /* PBXTargetDependency */,
			);
			name = "Crash DummiUITests";
			productName = "Crash DummiUITests";
			productReference = C7E2A9A21F1185AB00B1CCD5 /* Crash DummiUITests.xctest */;
			productType = "com.apple.product-type.bundle.ui-testing";
		};
/* End PBXNativeTarget section */

/* Begin PBXProject section */
		C7E2A97B1F1185AB00B1CCD5 /* Project object */ = {
			isa = PBXProject;
			attributes = {
				LastSwiftUpdateCheck = 0830;
				LastUpgradeCheck = 0830;
				ORGANIZATIONNAME = "Jedidiah Bertram";
				TargetAttributes = {
					C7E2A9821F1185AB00B1CCD5 = {
						CreatedOnToolsVersion = 8.3.3;
						DevelopmentTeam = 9VB87X296R;
						ProvisioningStyle = Automatic;
					};
					C7E2A9961F1185AB00B1CCD5 = {
						CreatedOnToolsVersion = 8.3.3;
						DevelopmentTeam = 9VB87X296R;
						ProvisioningStyle = Automatic;
						TestTargetID = C7E2A9821F1185AB00B1CCD5;
					};
					C7E2A9A11F1185AB00B1CCD5 = {
						CreatedOnToolsVersion = 8.3.3;
						DevelopmentTeam = 9VB87X296R;
						ProvisioningStyle = Automatic;
						TestTargetID = C7E2A9821F1185AB00B1CCD5;
					};
				};
			};
			buildConfigurationList = C7E2A97E1F1185AB00B1CCD5 /* Build configuration list for PBXProject "Crash Dummi" */;
			compatibilityVersion = "Xcode 3.2";
			developmentRegion = English;
			hasScannedForEncodings = 0;
			knownRegions = (
				en,
				Base,
			);
			mainGroup = C7E2A97A1F1185AB00B1CCD5;
			productRefGroup = C7E2A9841F1185AB00B1CCD5 /* Products */;
			projectDirPath = "";
			projectRoot = "";
			targets = (
				C7E2A9821F1185AB00B1CCD5 /* Crash Dummi */,
				C7E2A9961F1185AB00B1CCD5 /* Crash DummiTests */,
				C7E2A9A11F1185AB00B1CCD5 /* Crash DummiUITests */,
			);
		};
/* End PBXProject section */

/* Begin PBXResourcesBuildPhase section */
		C7E2A9811F1185AB00B1CCD5 /* Resources */ = {
			isa = PBXResourcesBuildPhase;
			buildActionMask = 2147483647;
			files = (
				C7E2A9911F1185AB00B1CCD5 /* LaunchScreen.storyboard in Resources */,
				C7E4E4651F17F11F0016BF8A /* GoogleService-Info.plist in Resources */,
				C7E2A98E1F1185AB00B1CCD5 /* Assets.xcassets in Resources */,
				C7E2A98C1F1185AB00B1CCD5 /* Main.storyboard in Resources */,
			);
			runOnlyForDeploymentPostprocessing = 0;
		};
		C7E2A9951F1185AB00B1CCD5 /* Resources */ = {
			isa = PBXResourcesBuildPhase;
			buildActionMask = 2147483647;
			files = (
			);
			runOnlyForDeploymentPostprocessing = 0;
		};
		C7E2A9A01F1185AB00B1CCD5 /* Resources */ = {
			isa = PBXResourcesBuildPhase;
			buildActionMask = 2147483647;
			files = (
			);
			runOnlyForDeploymentPostprocessing = 0;
		};
/* End PBXResourcesBuildPhase section */

/* Begin PBXShellScriptBuildPhase section */
		061B25C0987EB61F99E00F5F /* [CP] Embed Pods Frameworks */ = {
			isa = PBXShellScriptBuildPhase;
			buildActionMask = 2147483647;
			files = (
			);
			inputPaths = (
			);
			name = "[CP] Embed Pods Frameworks";
			outputPaths = (
			);
			runOnlyForDeploymentPostprocessing = 0;
			shellPath = /bin/sh;
			shellScript = "\"${SRCROOT}/Pods/Target Support Files/Pods-Crash Dummi/Pods-Crash Dummi-frameworks.sh\"\n";
			showEnvVarsInLog = 0;
		};
		07E2AE66E3698D8A6B34FB0C /* [CP] Check Pods Manifest.lock */ = {
			isa = PBXShellScriptBuildPhase;
			buildActionMask = 2147483647;
			files = (
			);
			inputPaths = (
			);
			name = "[CP] Check Pods Manifest.lock";
			outputPaths = (
			);
			runOnlyForDeploymentPostprocessing = 0;
			shellPath = /bin/sh;
			shellScript = "diff \"${PODS_PODFILE_DIR_PATH}/Podfile.lock\" \"${PODS_ROOT}/Manifest.lock\" > /dev/null\nif [ $? != 0 ] ; then\n    # print error to STDERR\n    echo \"error: The sandbox is not in sync with the Podfile.lock. Run 'pod install' or update your CocoaPods installation.\" >&2\n    exit 1\nfi\n";
			showEnvVarsInLog = 0;
		};
		097BB0C5C8EAB2DD776AEDED /* [CP] Embed Pods Frameworks */ = {
			isa = PBXShellScriptBuildPhase;
			buildActionMask = 2147483647;
			files = (
			);
			inputPaths = (
			);
			name = "[CP] Embed Pods Frameworks";
			outputPaths = (
			);
			runOnlyForDeploymentPostprocessing = 0;
			shellPath = /bin/sh;
			shellScript = "\"${SRCROOT}/Pods/Target Support Files/Pods-Crash DummiTests/Pods-Crash DummiTests-frameworks.sh\"\n";
			showEnvVarsInLog = 0;
		};
		95D2A0FE094D9F7B8813B168 /* [CP] Embed Pods Frameworks */ = {
			isa = PBXShellScriptBuildPhase;
			buildActionMask = 2147483647;
			files = (
			);
			inputPaths = (
			);
			name = "[CP] Embed Pods Frameworks";
			outputPaths = (
			);
			runOnlyForDeploymentPostprocessing = 0;
			shellPath = /bin/sh;
			shellScript = "\"${SRCROOT}/Pods/Target Support Files/Pods-Crash DummiUITests/Pods-Crash DummiUITests-frameworks.sh\"\n";
			showEnvVarsInLog = 0;
		};
		9C9ABF445E1F748962DBA8C4 /* [CP] Copy Pods Resources */ = {
			isa = PBXShellScriptBuildPhase;
			buildActionMask = 2147483647;
			files = (
			);
			inputPaths = (
			);
			name = "[CP] Copy Pods Resources";
			outputPaths = (
			);
			runOnlyForDeploymentPostprocessing = 0;
			shellPath = /bin/sh;
			shellScript = "\"${SRCROOT}/Pods/Target Support Files/Pods-Crash DummiUITests/Pods-Crash DummiUITests-resources.sh\"\n";
			showEnvVarsInLog = 0;
		};
		ACCBF7FD6F03432C77B8569C /* [CP] Check Pods Manifest.lock */ = {
			isa = PBXShellScriptBuildPhase;
			buildActionMask = 2147483647;
			files = (
			);
			inputPaths = (
			);
			name = "[CP] Check Pods Manifest.lock";
			outputPaths = (
			);
			runOnlyForDeploymentPostprocessing = 0;
			shellPath = /bin/sh;
			shellScript = "diff \"${PODS_PODFILE_DIR_PATH}/Podfile.lock\" \"${PODS_ROOT}/Manifest.lock\" > /dev/null\nif [ $? != 0 ] ; then\n    # print error to STDERR\n    echo \"error: The sandbox is not in sync with the Podfile.lock. Run 'pod install' or update your CocoaPods installation.\" >&2\n    exit 1\nfi\n";
			showEnvVarsInLog = 0;
		};
		C90488BA5E76BB7B09E6CC49 /* [CP] Copy Pods Resources */ = {
			isa = PBXShellScriptBuildPhase;
			buildActionMask = 2147483647;
			files = (
			);
			inputPaths = (
			);
			name = "[CP] Copy Pods Resources";
			outputPaths = (
			);
			runOnlyForDeploymentPostprocessing = 0;
			shellPath = /bin/sh;
			shellScript = "\"${SRCROOT}/Pods/Target Support Files/Pods-Crash DummiTests/Pods-Crash DummiTests-resources.sh\"\n";
			showEnvVarsInLog = 0;
		};
		D1BE0EB8B36676FA3EC9FC77 /* [CP] Check Pods Manifest.lock */ = {
			isa = PBXShellScriptBuildPhase;
			buildActionMask = 2147483647;
			files = (
			);
			inputPaths = (
			);
			name = "[CP] Check Pods Manifest.lock";
			outputPaths = (
			);
			runOnlyForDeploymentPostprocessing = 0;
			shellPath = /bin/sh;
			shellScript = "diff \"${PODS_PODFILE_DIR_PATH}/Podfile.lock\" \"${PODS_ROOT}/Manifest.lock\" > /dev/null\nif [ $? != 0 ] ; then\n    # print error to STDERR\n    echo \"error: The sandbox is not in sync with the Podfile.lock. Run 'pod install' or update your CocoaPods installation.\" >&2\n    exit 1\nfi\n";
			showEnvVarsInLog = 0;
		};
		F51D0BA05D3969658B7938AC /* [CP] Copy Pods Resources */ = {
			isa = PBXShellScriptBuildPhase;
			buildActionMask = 2147483647;
			files = (
			);
			inputPaths = (
			);
			name = "[CP] Copy Pods Resources";
			outputPaths = (
			);
			runOnlyForDeploymentPostprocessing = 0;
			shellPath = /bin/sh;
			shellScript = "\"${SRCROOT}/Pods/Target Support Files/Pods-Crash Dummi/Pods-Crash Dummi-resources.sh\"\n";
			showEnvVarsInLog = 0;
		};
/* End PBXShellScriptBuildPhase section */

/* Begin PBXSourcesBuildPhase section */
		C7E2A97F1F1185AB00B1CCD5 /* Sources */ = {
			isa = PBXSourcesBuildPhase;
			buildActionMask = 2147483647;
			files = (
				C79F3A4D1F11AF9D00C1DEB8 /* locationManager.swift in Sources */,
				C7E2A9891F1185AB00B1CCD5 /* ViewController.swift in Sources */,
				C7E2A9871F1185AB00B1CCD5 /* AppDelegate.swift in Sources */,
				C79F3A491F119EC300C1DEB8 /* ViewControllerBike.swift in Sources */,
				C79F3A4B1F119F0700C1DEB8 /* ViewControllerCar.swift in Sources */,
			);
			runOnlyForDeploymentPostprocessing = 0;
		};
		C7E2A9931F1185AB00B1CCD5 /* Sources */ = {
			isa = PBXSourcesBuildPhase;
			buildActionMask = 2147483647;
			files = (
				C7E2A99C1F1185AB00B1CCD5 /* Crash_DummiTests.swift in Sources */,
			);
			runOnlyForDeploymentPostprocessing = 0;
		};
		C7E2A99E1F1185AB00B1CCD5 /* Sources */ = {
			isa = PBXSourcesBuildPhase;
			buildActionMask = 2147483647;
			files = (
				C7E2A9A71F1185AB00B1CCD5 /* Crash_DummiUITests.swift in Sources */,
			);
			runOnlyForDeploymentPostprocessing = 0;
		};
/* End PBXSourcesBuildPhase section */

/* Begin PBXTargetDependency section */
		C7E2A9991F1185AB00B1CCD5 /* PBXTargetDependency */ = {
			isa = PBXTargetDependency;
			target = C7E2A9821F1185AB00B1CCD5 /* Crash Dummi */;
			targetProxy = C7E2A9981F1185AB00B1CCD5 /* PBXContainerItemProxy */;
		};
		C7E2A9A41F1185AB00B1CCD5 /* PBXTargetDependency */ = {
			isa = PBXTargetDependency;
			target = C7E2A9821F1185AB00B1CCD5 /* Crash Dummi */;
			targetProxy = C7E2A9A31F1185AB00B1CCD5 /* PBXContainerItemProxy */;
		};
/* End PBXTargetDependency section */

/* Begin PBXVariantGroup section */
		C7E2A98A1F1185AB00B1CCD5 /* Main.storyboard */ = {
			isa = PBXVariantGroup;
			children = (
				C7E2A98B1F1185AB00B1CCD5 /* Base */,
			);
			name = Main.storyboard;
			sourceTree = "<group>";
		};
		C7E2A98F1F1185AB00B1CCD5 /* LaunchScreen.storyboard */ = {
			isa = PBXVariantGroup;
			children = (
				C7E2A9901F1185AB00B1CCD5 /* Base */,
			);
			name = LaunchScreen.storyboard;
			sourceTree = "<group>";
		};
/* End PBXVariantGroup section */

/* Begin XCBuildConfiguration section */
		C7E2A9A91F1185AB00B1CCD5 /* Debug */ = {
			isa = XCBuildConfiguration;
			buildSettings = {
				ALWAYS_SEARCH_USER_PATHS = NO;
				CLANG_ANALYZER_NONNULL = YES;
				CLANG_ANALYZER_NUMBER_OBJECT_CONVERSION = YES_AGGRESSIVE;
				CLANG_CXX_LANGUAGE_STANDARD = "gnu++0x";
				CLANG_CXX_LIBRARY = "libc++";
				CLANG_ENABLE_MODULES = YES;
				CLANG_ENABLE_OBJC_ARC = YES;
				CLANG_WARN_BOOL_CONVERSION = YES;
				CLANG_WARN_CONSTANT_CONVERSION = YES;
				CLANG_WARN_DIRECT_OBJC_ISA_USAGE = YES_ERROR;
				CLANG_WARN_DOCUMENTATION_COMMENTS = YES;
				CLANG_WARN_EMPTY_BODY = YES;
				CLANG_WARN_ENUM_CONVERSION = YES;
				CLANG_WARN_INFINITE_RECURSION = YES;
				CLANG_WARN_INT_CONVERSION = YES;
				CLANG_WARN_OBJC_ROOT_CLASS = YES_ERROR;
				CLANG_WARN_SUSPICIOUS_MOVE = YES;
				CLANG_WARN_UNREACHABLE_CODE = YES;
				CLANG_WARN__DUPLICATE_METHOD_MATCH = YES;
				"CODE_SIGN_IDENTITY[sdk=iphoneos*]" = "iPhone Developer";
				COPY_PHASE_STRIP = NO;
				DEBUG_INFORMATION_FORMAT = dwarf;
				ENABLE_STRICT_OBJC_MSGSEND = YES;
				ENABLE_TESTABILITY = YES;
				GCC_C_LANGUAGE_STANDARD = gnu99;
				GCC_DYNAMIC_NO_PIC = NO;
				GCC_NO_COMMON_BLOCKS = YES;
				GCC_OPTIMIZATION_LEVEL = 0;
				GCC_PREPROCESSOR_DEFINITIONS = (
					"DEBUG=1",
					"$(inherited)",
				);
				GCC_WARN_64_TO_32_BIT_CONVERSION = YES;
				GCC_WARN_ABOUT_RETURN_TYPE = YES_ERROR;
				GCC_WARN_UNDECLARED_SELECTOR = YES;
				GCC_WARN_UNINITIALIZED_AUTOS = YES_AGGRESSIVE;
				GCC_WARN_UNUSED_FUNCTION = YES;
				GCC_WARN_UNUSED_VARIABLE = YES;
				IPHONEOS_DEPLOYMENT_TARGET = 10.3;
				MTL_ENABLE_DEBUG_INFO = YES;
				ONLY_ACTIVE_ARCH = YES;
				SDKROOT = iphoneos;
				SWIFT_ACTIVE_COMPILATION_CONDITIONS = DEBUG;
				SWIFT_OPTIMIZATION_LEVEL = "-Onone";
			};
			name = Debug;
		};
		C7E2A9AA1F1185AB00B1CCD5 /* Release */ = {
			isa = XCBuildConfiguration;
			buildSettings = {
				ALWAYS_SEARCH_USER_PATHS = NO;
				CLANG_ANALYZER_NONNULL = YES;
				CLANG_ANALYZER_NUMBER_OBJECT_CONVERSION = YES_AGGRESSIVE;
				CLANG_CXX_LANGUAGE_STANDARD = "gnu++0x";
				CLANG_CXX_LIBRARY = "libc++";
				CLANG_ENABLE_MODULES = YES;
				CLANG_ENABLE_OBJC_ARC = YES;
				CLANG_WARN_BOOL_CONVERSION = YES;
				CLANG_WARN_CONSTANT_CONVERSION = YES;
				CLANG_WARN_DIRECT_OBJC_ISA_USAGE = YES_ERROR;
				CLANG_WARN_DOCUMENTATION_COMMENTS = YES;
				CLANG_WARN_EMPTY_BODY = YES;
				CLANG_WARN_ENUM_CONVERSION = YES;
				CLANG_WARN_INFINITE_RECURSION = YES;
				CLANG_WARN_INT_CONVERSION = YES;
				CLANG_WARN_OBJC_ROOT_CLASS = YES_ERROR;
				CLANG_WARN_SUSPICIOUS_MOVE = YES;
				CLANG_WARN_UNREACHABLE_CODE = YES;
				CLANG_WARN__DUPLICATE_METHOD_MATCH = YES;
				"CODE_SIGN_IDENTITY[sdk=iphoneos*]" = "iPhone Developer";
				COPY_PHASE_STRIP = NO;
				DEBUG_INFORMATION_FORMAT = "dwarf-with-dsym";
				ENABLE_NS_ASSERTIONS = NO;
				ENABLE_STRICT_OBJC_MSGSEND = YES;
				GCC_C_LANGUAGE_STANDARD = gnu99;
				GCC_NO_COMMON_BLOCKS = YES;
				GCC_WARN_64_TO_32_BIT_CONVERSION = YES;
				GCC_WARN_ABOUT_RETURN_TYPE = YES_ERROR;
				GCC_WARN_UNDECLARED_SELECTOR = YES;
				GCC_WARN_UNINITIALIZED_AUTOS = YES_AGGRESSIVE;
				GCC_WARN_UNUSED_FUNCTION = YES;
				GCC_WARN_UNUSED_VARIABLE = YES;
				IPHONEOS_DEPLOYMENT_TARGET = 10.3;
				MTL_ENABLE_DEBUG_INFO = NO;
				SDKROOT = iphoneos;
				SWIFT_OPTIMIZATION_LEVEL = "-Owholemodule";
				VALIDATE_PRODUCT = YES;
			};
			name = Release;
		};
		C7E2A9AC1F1185AB00B1CCD5 /* Debug */ = {
			isa = XCBuildConfiguration;
			baseConfigurationReference = 4ED3E0F31903213C5DED6539 /* Pods-Crash Dummi.debug.xcconfig */;
			buildSettings = {
				ASSETCATALOG_COMPILER_APPICON_NAME = AppIcon;
				DEVELOPMENT_TEAM = 9VB87X296R;
				INFOPLIST_FILE = "Crash Dummi/Info.plist";
				LD_RUNPATH_SEARCH_PATHS = "$(inherited) @executable_path/Frameworks";
				PRODUCT_BUNDLE_IDENTIFIER = "com.jedidiah.Crash-Dummi";
				PRODUCT_NAME = "$(TARGET_NAME)";
				SWIFT_VERSION = 3.0;
			};
			name = Debug;
		};
		C7E2A9AD1F1185AB00B1CCD5 /* Release */ = {
			isa = XCBuildConfiguration;
			baseConfigurationReference = C0C9E2963D144EDD3374954E /* Pods-Crash Dummi.release.xcconfig */;
			buildSettings = {
				ASSETCATALOG_COMPILER_APPICON_NAME = AppIcon;
				DEVELOPMENT_TEAM = 9VB87X296R;
				INFOPLIST_FILE = "Crash Dummi/Info.plist";
				LD_RUNPATH_SEARCH_PATHS = "$(inherited) @executable_path/Frameworks";
				PRODUCT_BUNDLE_IDENTIFIER = "com.jedidiah.Crash-Dummi";
				PRODUCT_NAME = "$(TARGET_NAME)";
				SWIFT_VERSION = 3.0;
			};
			name = Release;
		};
		C7E2A9AF1F1185AB00B1CCD5 /* Debug */ = {
			isa = XCBuildConfiguration;
			baseConfigurationReference = 480B7DD2B790F3938D878630 /* Pods-Crash DummiTests.debug.xcconfig */;
			buildSettings = {
				ALWAYS_EMBED_SWIFT_STANDARD_LIBRARIES = YES;
				BUNDLE_LOADER = "$(TEST_HOST)";
				DEVELOPMENT_TEAM = 9VB87X296R;
				INFOPLIST_FILE = "Crash DummiTests/Info.plist";
				LD_RUNPATH_SEARCH_PATHS = "$(inherited) @executable_path/Frameworks @loader_path/Frameworks";
				PRODUCT_BUNDLE_IDENTIFIER = "com.jedidiah.Crash-DummiTests";
				PRODUCT_NAME = "$(TARGET_NAME)";
				SWIFT_VERSION = 3.0;
				TEST_HOST = "$(BUILT_PRODUCTS_DIR)/Crash Dummi.app/Crash Dummi";
			};
			name = Debug;
		};
		C7E2A9B01F1185AB00B1CCD5 /* Release */ = {
			isa = XCBuildConfiguration;
			baseConfigurationReference = 565706F7C8D6417B438A03A4 /* Pods-Crash DummiTests.release.xcconfig */;
			buildSettings = {
				ALWAYS_EMBED_SWIFT_STANDARD_LIBRARIES = YES;
				BUNDLE_LOADER = "$(TEST_HOST)";
				DEVELOPMENT_TEAM = 9VB87X296R;
				INFOPLIST_FILE = "Crash DummiTests/Info.plist";
				LD_RUNPATH_SEARCH_PATHS = "$(inherited) @executable_path/Frameworks @loader_path/Frameworks";
				PRODUCT_BUNDLE_IDENTIFIER = "com.jedidiah.Crash-DummiTests";
				PRODUCT_NAME = "$(TARGET_NAME)";
				SWIFT_VERSION = 3.0;
				TEST_HOST = "$(BUILT_PRODUCTS_DIR)/Crash Dummi.app/Crash Dummi";
			};
			name = Release;
		};
		C7E2A9B21F1185AB00B1CCD5 /* Debug */ = {
			isa = XCBuildConfiguration;
			baseConfigurationReference = 2A66215DC76815A11FC78784 /* Pods-Crash DummiUITests.debug.xcconfig */;
			buildSettings = {
				ALWAYS_EMBED_SWIFT_STANDARD_LIBRARIES = YES;
				DEVELOPMENT_TEAM = 9VB87X296R;
				INFOPLIST_FILE = "Crash DummiUITests/Info.plist";
				LD_RUNPATH_SEARCH_PATHS = "$(inherited) @executable_path/Frameworks @loader_path/Frameworks";
				PRODUCT_BUNDLE_IDENTIFIER = "com.jedidiah.Crash-DummiUITests";
				PRODUCT_NAME = "$(TARGET_NAME)";
				SWIFT_VERSION = 3.0;
				TEST_TARGET_NAME = "Crash Dummi";
			};
			name = Debug;
		};
		C7E2A9B31F1185AB00B1CCD5 /* Release */ = {
			isa = XCBuildConfiguration;
			baseConfigurationReference = 15BFD949B240904B15558B0D /* Pods-Crash DummiUITests.release.xcconfig */;
			buildSettings = {
				ALWAYS_EMBED_SWIFT_STANDARD_LIBRARIES = YES;
				DEVELOPMENT_TEAM = 9VB87X296R;
				INFOPLIST_FILE = "Crash DummiUITests/Info.plist";
				LD_RUNPATH_SEARCH_PATHS = "$(inherited) @executable_path/Frameworks @loader_path/Frameworks";
				PRODUCT_BUNDLE_IDENTIFIER = "com.jedidiah.Crash-DummiUITests";
				PRODUCT_NAME = "$(TARGET_NAME)";
				SWIFT_VERSION = 3.0;
				TEST_TARGET_NAME = "Crash Dummi";
			};
			name = Release;
		};
/* End XCBuildConfiguration section */

/* Begin XCConfigurationList section */
		C7E2A97E1F1185AB00B1CCD5 /* Build configuration list for PBXProject "Crash Dummi" */ = {
			isa = XCConfigurationList;
			buildConfigurations = (
				C7E2A9A91F1185AB00B1CCD5 /* Debug */,
				C7E2A9AA1F1185AB00B1CCD5 /* Release */,
			);
			defaultConfigurationIsVisible = 0;
			defaultConfigurationName = Release;
		};
		C7E2A9AB1F1185AB00B1CCD5 /* Build configuration list for PBXNativeTarget "Crash Dummi" */ = {
			isa = XCConfigurationList;
			buildConfigurations = (
				C7E2A9AC1F1185AB00B1CCD5 /* Debug */,
				C7E2A9AD1F1185AB00B1CCD5 /* Release */,
			);
			defaultConfigurationIsVisible = 0;
			defaultConfigurationName = Release;
		};
		C7E2A9AE1F1185AB00B1CCD5 /* Build configuration list for PBXNativeTarget "Crash DummiTests" */ = {
			isa = XCConfigurationList;
			buildConfigurations = (
				C7E2A9AF1F1185AB00B1CCD5 /* Debug */,
				C7E2A9B01F1185AB00B1CCD5 /* Release */,
			);
			defaultConfigurationIsVisible = 0;
			defaultConfigurationName = Release;
		};
		C7E2A9B11F1185AB00B1CCD5 /* Build configuration list for PBXNativeTarget "Crash DummiUITests" */ = {
			isa = XCConfigurationList;
			buildConfigurations = (
				C7E2A9B21F1185AB00B1CCD5 /* Debug */,
				C7E2A9B31F1185AB00B1CCD5 /* Release */,
			);
			defaultConfigurationIsVisible = 0;
			defaultConfigurationName = Release;
		};
/* End XCConfigurationList section */
	};
	rootObject = C7E2A97B1F1185AB00B1CCD5 /* Project object */;
}
